// !$*UTF8*$!
{
	archiveVersion = 1;
	classes = {
	};
	objectVersion = 56;
	objects = {

/* Begin PBXBuildFile section */
		559463412933FC7500467518 /* WebstersDictionary.swift in Sources */ = {isa = PBXBuildFile; fileRef = 559463402933FC7500467518 /* WebstersDictionary.swift */; };
		559463432933FCA600467518 /* websters_dictionary.json in Resources */ = {isa = PBXBuildFile; fileRef = 559463422933FCA600467518 /* websters_dictionary.json */; };
		559463452934028000467518 /* WebstersDictionaryTests.swift in Sources */ = {isa = PBXBuildFile; fileRef = 559463442934028000467518 /* WebstersDictionaryTests.swift */; };
		559463472934087200467518 /* LookupViewModel.swift in Sources */ = {isa = PBXBuildFile; fileRef = 559463462934087200467518 /* LookupViewModel.swift */; };
		5594634929340A8400467518 /* LookupViewModelTests.swift in Sources */ = {isa = PBXBuildFile; fileRef = 5594634829340A8400467518 /* LookupViewModelTests.swift */; };
		5598A74229344D8E0042C7F4 /* LookupView.swift in Sources */ = {isa = PBXBuildFile; fileRef = 5598A74129344D8E0042C7F4 /* LookupView.swift */; };
		55CCC7AD2933EF0800BC4C35 /* LookupApp.swift in Sources */ = {isa = PBXBuildFile; fileRef = 55CCC7AC2933EF0800BC4C35 /* LookupApp.swift */; };
		55CCC7AF2933EF0800BC4C35 /* ContentView.swift in Sources */ = {isa = PBXBuildFile; fileRef = 55CCC7AE2933EF0800BC4C35 /* ContentView.swift */; };
		55CCC7B12933EF0900BC4C35 /* Assets.xcassets in Resources */ = {isa = PBXBuildFile; fileRef = 55CCC7B02933EF0900BC4C35 /* Assets.xcassets */; };
		55CCC7B42933EF0900BC4C35 /* Preview Assets.xcassets in Resources */ = {isa = PBXBuildFile; fileRef = 55CCC7B32933EF0900BC4C35 /* Preview Assets.xcassets */; };
		55CCC7C92933EF0A00BC4C35 /* LookupUITests.swift in Sources */ = {isa = PBXBuildFile; fileRef = 55CCC7C82933EF0A00BC4C35 /* LookupUITests.swift */; };
		55CCC7CB2933EF0A00BC4C35 /* LookupUITestsLaunchTests.swift in Sources */ = {isa = PBXBuildFile; fileRef = 55CCC7CA2933EF0A00BC4C35 /* LookupUITestsLaunchTests.swift */; };
/* End PBXBuildFile section */

/* Begin PBXContainerItemProxy section */
		55CCC7BB2933EF0A00BC4C35 /* PBXContainerItemProxy */ = {
			isa = PBXContainerItemProxy;
			containerPortal = 55CCC7A12933EF0800BC4C35 /* Project object */;
			proxyType = 1;
			remoteGlobalIDString = 55CCC7A82933EF0800BC4C35;
			remoteInfo = Lookup;
		};
		55CCC7C52933EF0A00BC4C35 /* PBXContainerItemProxy */ = {
			isa = PBXContainerItemProxy;
			containerPortal = 55CCC7A12933EF0800BC4C35 /* Project object */;
			proxyType = 1;
			remoteGlobalIDString = 55CCC7A82933EF0800BC4C35;
			remoteInfo = Lookup;
		};
/* End PBXContainerItemProxy section */

/* Begin PBXFileReference section */
		559463402933FC7500467518 /* WebstersDictionary.swift */ = {isa = PBXFileReference; lastKnownFileType = sourcecode.swift; path = WebstersDictionary.swift; sourceTree = "<group>"; };
		559463422933FCA600467518 /* websters_dictionary.json */ = {isa = PBXFileReference; fileEncoding = 4; lastKnownFileType = text.json; path = websters_dictionary.json; sourceTree = "<group>"; };
		559463442934028000467518 /* WebstersDictionaryTests.swift */ = {isa = PBXFileReference; lastKnownFileType = sourcecode.swift; path = WebstersDictionaryTests.swift; sourceTree = "<group>"; };
		559463462934087200467518 /* LookupViewModel.swift */ = {isa = PBXFileReference; lastKnownFileType = sourcecode.swift; path = LookupViewModel.swift; sourceTree = "<group>"; };
		5594634829340A8400467518 /* LookupViewModelTests.swift */ = {isa = PBXFileReference; lastKnownFileType = sourcecode.swift; path = LookupViewModelTests.swift; sourceTree = "<group>"; };
		5598A74129344D8E0042C7F4 /* LookupView.swift */ = {isa = PBXFileReference; lastKnownFileType = sourcecode.swift; path = LookupView.swift; sourceTree = "<group>"; };
		55CCC7A92933EF0800BC4C35 /* Lookup.app */ = {isa = PBXFileReference; explicitFileType = wrapper.application; includeInIndex = 0; path = Lookup.app; sourceTree = BUILT_PRODUCTS_DIR; };
		55CCC7AC2933EF0800BC4C35 /* LookupApp.swift */ = {isa = PBXFileReference; lastKnownFileType = sourcecode.swift; path = LookupApp.swift; sourceTree = "<group>"; };
		55CCC7AE2933EF0800BC4C35 /* ContentView.swift */ = {isa = PBXFileReference; lastKnownFileType = sourcecode.swift; path = ContentView.swift; sourceTree = "<group>"; };
		55CCC7B02933EF0900BC4C35 /* Assets.xcassets */ = {isa = PBXFileReference; lastKnownFileType = folder.assetcatalog; path = Assets.xcassets; sourceTree = "<group>"; };
		55CCC7B32933EF0900BC4C35 /* Preview Assets.xcassets */ = {isa = PBXFileReference; lastKnownFileType = folder.assetcatalog; path = "Preview Assets.xcassets"; sourceTree = "<group>"; };
		55CCC7B52933EF0900BC4C35 /* Lookup.entitlements */ = {isa = PBXFileReference; lastKnownFileType = text.plist.entitlements; path = Lookup.entitlements; sourceTree = "<group>"; };
		55CCC7BA2933EF0A00BC4C35 /* LookupTests.xctest */ = {isa = PBXFileReference; explicitFileType = wrapper.cfbundle; includeInIndex = 0; path = LookupTests.xctest; sourceTree = BUILT_PRODUCTS_DIR; };
		55CCC7C42933EF0A00BC4C35 /* LookupUITests.xctest */ = {isa = PBXFileReference; explicitFileType = wrapper.cfbundle; includeInIndex = 0; path = LookupUITests.xctest; sourceTree = BUILT_PRODUCTS_DIR; };
		55CCC7C82933EF0A00BC4C35 /* LookupUITests.swift */ = {isa = PBXFileReference; lastKnownFileType = sourcecode.swift; path = LookupUITests.swift; sourceTree = "<group>"; };
		55CCC7CA2933EF0A00BC4C35 /* LookupUITestsLaunchTests.swift */ = {isa = PBXFileReference; lastKnownFileType = sourcecode.swift; path = LookupUITestsLaunchTests.swift; sourceTree = "<group>"; };
/* End PBXFileReference section */

/* Begin PBXFrameworksBuildPhase section */
		55CCC7A62933EF0800BC4C35 /* Frameworks */ = {
			isa = PBXFrameworksBuildPhase;
			buildActionMask = 2147483647;
			files = (
			);
			runOnlyForDeploymentPostprocessing = 0;
		};
		55CCC7B72933EF0A00BC4C35 /* Frameworks */ = {
			isa = PBXFrameworksBuildPhase;
			buildActionMask = 2147483647;
			files = (
			);
			runOnlyForDeploymentPostprocessing = 0;
		};
		55CCC7C12933EF0A00BC4C35 /* Frameworks */ = {
			isa = PBXFrameworksBuildPhase;
			buildActionMask = 2147483647;
			files = (
			);
			runOnlyForDeploymentPostprocessing = 0;
		};
/* End PBXFrameworksBuildPhase section */

/* Begin PBXGroup section */
		55CCC7A02933EF0800BC4C35 = {
			isa = PBXGroup;
			children = (
				55CCC7AB2933EF0800BC4C35 /* Lookup */,
				55CCC7BD2933EF0A00BC4C35 /* LookupTests */,
				55CCC7C72933EF0A00BC4C35 /* LookupUITests */,
				55CCC7AA2933EF0800BC4C35 /* Products */,
			);
			sourceTree = "<group>";
		};
		55CCC7AA2933EF0800BC4C35 /* Products */ = {
			isa = PBXGroup;
			children = (
				55CCC7A92933EF0800BC4C35 /* Lookup.app */,
				55CCC7BA2933EF0A00BC4C35 /* LookupTests.xctest */,
				55CCC7C42933EF0A00BC4C35 /* LookupUITests.xctest */,
			);
			name = Products;
			sourceTree = "<group>";
		};
		55CCC7AB2933EF0800BC4C35 /* Lookup */ = {
			isa = PBXGroup;
			children = (
				55CCC7AC2933EF0800BC4C35 /* LookupApp.swift */,
				559463402933FC7500467518 /* WebstersDictionary.swift */,
				559463462934087200467518 /* LookupViewModel.swift */,
				559463422933FCA600467518 /* websters_dictionary.json */,
				55CCC7AE2933EF0800BC4C35 /* ContentView.swift */,
				55CCC7B02933EF0900BC4C35 /* Assets.xcassets */,
				55CCC7B52933EF0900BC4C35 /* Lookup.entitlements */,
				55CCC7B22933EF0900BC4C35 /* Preview Content */,
				5598A74129344D8E0042C7F4 /* LookupView.swift */,
			);
			path = Lookup;
			sourceTree = "<group>";
		};
		55CCC7B22933EF0900BC4C35 /* Preview Content */ = {
			isa = PBXGroup;
			children = (
				55CCC7B32933EF0900BC4C35 /* Preview Assets.xcassets */,
			);
			path = "Preview Content";
			sourceTree = "<group>";
		};
		55CCC7BD2933EF0A00BC4C35 /* LookupTests */ = {
			isa = PBXGroup;
			children = (
				559463442934028000467518 /* WebstersDictionaryTests.swift */,
				5594634829340A8400467518 /* LookupViewModelTests.swift */,
			);
			path = LookupTests;
			sourceTree = "<group>";
		};
		55CCC7C72933EF0A00BC4C35 /* LookupUITests */ = {
			isa = PBXGroup;
			children = (
				55CCC7C82933EF0A00BC4C35 /* LookupUITests.swift */,
				55CCC7CA2933EF0A00BC4C35 /* LookupUITestsLaunchTests.swift */,
			);
			path = LookupUITests;
			sourceTree = "<group>";
		};
/* End PBXGroup section */

/* Begin PBXNativeTarget section */
		55CCC7A82933EF0800BC4C35 /* Lookup */ = {
			isa = PBXNativeTarget;
			buildConfigurationList = 55CCC7CE2933EF0A00BC4C35 /* Build configuration list for PBXNativeTarget "Lookup" */;
			buildPhases = (
				55CCC7A52933EF0800BC4C35 /* Sources */,
				55CCC7A62933EF0800BC4C35 /* Frameworks */,
				55CCC7A72933EF0800BC4C35 /* Resources */,
			);
			buildRules = (
			);
			dependencies = (
			);
			name = Lookup;
			productName = Lookup;
			productReference = 55CCC7A92933EF0800BC4C35 /* Lookup.app */;
			productType = "com.apple.product-type.application";
		};
		55CCC7B92933EF0A00BC4C35 /* LookupTests */ = {
			isa = PBXNativeTarget;
			buildConfigurationList = 55CCC7D12933EF0A00BC4C35 /* Build configuration list for PBXNativeTarget "LookupTests" */;
			buildPhases = (
				55CCC7B62933EF0A00BC4C35 /* Sources */,
				55CCC7B72933EF0A00BC4C35 /* Frameworks */,
				55CCC7B82933EF0A00BC4C35 /* Resources */,
			);
			buildRules = (
			);
			dependencies = (
				55CCC7BC2933EF0A00BC4C35 /* PBXTargetDependency */,
			);
			name = LookupTests;
			productName = LookupTests;
			productReference = 55CCC7BA2933EF0A00BC4C35 /* LookupTests.xctest */;
			productType = "com.apple.product-type.bundle.unit-test";
		};
		55CCC7C32933EF0A00BC4C35 /* LookupUITests */ = {
			isa = PBXNativeTarget;
			buildConfigurationList = 55CCC7D42933EF0A00BC4C35 /* Build configuration list for PBXNativeTarget "LookupUITests" */;
			buildPhases = (
				55CCC7C02933EF0A00BC4C35 /* Sources */,
				55CCC7C12933EF0A00BC4C35 /* Frameworks */,
				55CCC7C22933EF0A00BC4C35 /* Resources */,
			);
			buildRules = (
			);
			dependencies = (
				55CCC7C62933EF0A00BC4C35 /* PBXTargetDependency */,
			);
			name = LookupUITests;
			productName = LookupUITests;
			productReference = 55CCC7C42933EF0A00BC4C35 /* LookupUITests.xctest */;
			productType = "com.apple.product-type.bundle.ui-testing";
		};
/* End PBXNativeTarget section */

/* Begin PBXProject section */
		55CCC7A12933EF0800BC4C35 /* Project object */ = {
			isa = PBXProject;
			attributes = {
				BuildIndependentTargetsInParallel = 1;
				LastSwiftUpdateCheck = 1410;
				LastUpgradeCheck = 1410;
				TargetAttributes = {
					55CCC7A82933EF0800BC4C35 = {
						CreatedOnToolsVersion = 14.1;
					};
					55CCC7B92933EF0A00BC4C35 = {
						CreatedOnToolsVersion = 14.1;
						TestTargetID = 55CCC7A82933EF0800BC4C35;
					};
					55CCC7C32933EF0A00BC4C35 = {
						CreatedOnToolsVersion = 14.1;
						TestTargetID = 55CCC7A82933EF0800BC4C35;
					};
				};
			};
			buildConfigurationList = 55CCC7A42933EF0800BC4C35 /* Build configuration list for PBXProject "Lookup" */;
			compatibilityVersion = "Xcode 14.0";
			developmentRegion = en;
			hasScannedForEncodings = 0;
			knownRegions = (
				en,
				Base,
			);
			mainGroup = 55CCC7A02933EF0800BC4C35;
			productRefGroup = 55CCC7AA2933EF0800BC4C35 /* Products */;
			projectDirPath = "";
			projectRoot = "";
			targets = (
				55CCC7A82933EF0800BC4C35 /* Lookup */,
				55CCC7B92933EF0A00BC4C35 /* LookupTests */,
				55CCC7C32933EF0A00BC4C35 /* LookupUITests */,
			);
		};
/* End PBXProject section */

/* Begin PBXResourcesBuildPhase section */
		55CCC7A72933EF0800BC4C35 /* Resources */ = {
			isa = PBXResourcesBuildPhase;
			buildActionMask = 2147483647;
			files = (
				55CCC7B42933EF0900BC4C35 /* Preview Assets.xcassets in Resources */,
				559463432933FCA600467518 /* websters_dictionary.json in Resources */,
				55CCC7B12933EF0900BC4C35 /* Assets.xcassets in Resources */,
			);
			runOnlyForDeploymentPostprocessing = 0;
		};
		55CCC7B82933EF0A00BC4C35 /* Resources */ = {
			isa = PBXResourcesBuildPhase;
			buildActionMask = 2147483647;
			files = (
			);
			runOnlyForDeploymentPostprocessing = 0;
		};
		55CCC7C22933EF0A00BC4C35 /* Resources */ = {
			isa = PBXResourcesBuildPhase;
			buildActionMask = 2147483647;
			files = (
			);
			runOnlyForDeploymentPostprocessing = 0;
		};
/* End PBXResourcesBuildPhase section */

/* Begin PBXSourcesBuildPhase section */
		55CCC7A52933EF0800BC4C35 /* Sources */ = {
			isa = PBXSourcesBuildPhase;
			buildActionMask = 2147483647;
			files = (
				55CCC7AF2933EF0800BC4C35 /* ContentView.swift in Sources */,
				55CCC7AD2933EF0800BC4C35 /* LookupApp.swift in Sources */,
				559463472934087200467518 /* LookupViewModel.swift in Sources */,
				559463412933FC7500467518 /* WebstersDictionary.swift in Sources */,
				5598A74229344D8E0042C7F4 /* LookupView.swift in Sources */,
			);
			runOnlyForDeploymentPostprocessing = 0;
		};
		55CCC7B62933EF0A00BC4C35 /* Sources */ = {
			isa = PBXSourcesBuildPhase;
			buildActionMask = 2147483647;
			files = (
				5594634929340A8400467518 /* LookupViewModelTests.swift in Sources */,
				559463452934028000467518 /* WebstersDictionaryTests.swift in Sources */,
			);
			runOnlyForDeploymentPostprocessing = 0;
		};
		55CCC7C02933EF0A00BC4C35 /* Sources */ = {
			isa = PBXSourcesBuildPhase;
			buildActionMask = 2147483647;
			files = (
				55CCC7CB2933EF0A00BC4C35 /* LookupUITestsLaunchTests.swift in Sources */,
				55CCC7C92933EF0A00BC4C35 /* LookupUITests.swift in Sources */,
			);
			runOnlyForDeploymentPostprocessing = 0;
		};
/* End PBXSourcesBuildPhase section */

/* Begin PBXTargetDependency section */
		55CCC7BC2933EF0A00BC4C35 /* PBXTargetDependency */ = {
			isa = PBXTargetDependency;
			target = 55CCC7A82933EF0800BC4C35 /* Lookup */;
			targetProxy = 55CCC7BB2933EF0A00BC4C35 /* PBXContainerItemProxy */;
		};
		55CCC7C62933EF0A00BC4C35 /* PBXTargetDependency */ = {
			isa = PBXTargetDependency;
			target = 55CCC7A82933EF0800BC4C35 /* Lookup */;
			targetProxy = 55CCC7C52933EF0A00BC4C35 /* PBXContainerItemProxy */;
		};
/* End PBXTargetDependency section */

/* Begin XCBuildConfiguration section */
		55CCC7CC2933EF0A00BC4C35 /* Debug */ = {
			isa = XCBuildConfiguration;
			buildSettings = {
				ALWAYS_SEARCH_USER_PATHS = NO;
				CLANG_ANALYZER_NONNULL = YES;
				CLANG_ANALYZER_NUMBER_OBJECT_CONVERSION = YES_AGGRESSIVE;
				CLANG_CXX_LANGUAGE_STANDARD = "gnu++20";
				CLANG_ENABLE_MODULES = YES;
				CLANG_ENABLE_OBJC_ARC = YES;
				CLANG_ENABLE_OBJC_WEAK = YES;
				CLANG_WARN_BLOCK_CAPTURE_AUTORELEASING = YES;
				CLANG_WARN_BOOL_CONVERSION = YES;
				CLANG_WARN_COMMA = YES;
				CLANG_WARN_CONSTANT_CONVERSION = YES;
				CLANG_WARN_DEPRECATED_OBJC_IMPLEMENTATIONS = YES;
				CLANG_WARN_DIRECT_OBJC_ISA_USAGE = YES_ERROR;
				CLANG_WARN_DOCUMENTATION_COMMENTS = YES;
				CLANG_WARN_EMPTY_BODY = YES;
				CLANG_WARN_ENUM_CONVERSION = YES;
				CLANG_WARN_INFINITE_RECURSION = YES;
				CLANG_WARN_INT_CONVERSION = YES;
				CLANG_WARN_NON_LITERAL_NULL_CONVERSION = YES;
				CLANG_WARN_OBJC_IMPLICIT_RETAIN_SELF = YES;
				CLANG_WARN_OBJC_LITERAL_CONVERSION = YES;
				CLANG_WARN_OBJC_ROOT_CLASS = YES_ERROR;
				CLANG_WARN_QUOTED_INCLUDE_IN_FRAMEWORK_HEADER = YES;
				CLANG_WARN_RANGE_LOOP_ANALYSIS = YES;
				CLANG_WARN_STRICT_PROTOTYPES = YES;
				CLANG_WARN_SUSPICIOUS_MOVE = YES;
				CLANG_WARN_UNGUARDED_AVAILABILITY = YES_AGGRESSIVE;
				CLANG_WARN_UNREACHABLE_CODE = YES;
				CLANG_WARN__DUPLICATE_METHOD_MATCH = YES;
				COPY_PHASE_STRIP = NO;
				DEBUG_INFORMATION_FORMAT = dwarf;
				ENABLE_STRICT_OBJC_MSGSEND = YES;
				ENABLE_TESTABILITY = YES;
				GCC_C_LANGUAGE_STANDARD = gnu11;
				GCC_DYNAMIC_NO_PIC = NO;
				GCC_NO_COMMON_BLOCKS = YES;
				GCC_OPTIMIZATION_LEVEL = 0;
				GCC_PREPROCESSOR_DEFINITIONS = (
					"DEBUG=1",
					"$(inherited)",
				);
				GCC_WARN_64_TO_32_BIT_CONVERSION = YES;
				GCC_WARN_ABOUT_RETURN_TYPE = YES_ERROR;
				GCC_WARN_UNDECLARED_SELECTOR = YES;
				GCC_WARN_UNINITIALIZED_AUTOS = YES_AGGRESSIVE;
				GCC_WARN_UNUSED_FUNCTION = YES;
				GCC_WARN_UNUSED_VARIABLE = YES;
				MACOSX_DEPLOYMENT_TARGET = 12.5;
				MTL_ENABLE_DEBUG_INFO = INCLUDE_SOURCE;
				MTL_FAST_MATH = YES;
				ONLY_ACTIVE_ARCH = YES;
				SDKROOT = macosx;
				SWIFT_ACTIVE_COMPILATION_CONDITIONS = DEBUG;
				SWIFT_OPTIMIZATION_LEVEL = "-Onone";
			};
			name = Debug;
		};
		55CCC7CD2933EF0A00BC4C35 /* Release */ = {
			isa = XCBuildConfiguration;
			buildSettings = {
				ALWAYS_SEARCH_USER_PATHS = NO;
				CLANG_ANALYZER_NONNULL = YES;
				CLANG_ANALYZER_NUMBER_OBJECT_CONVERSION = YES_AGGRESSIVE;
				CLANG_CXX_LANGUAGE_STANDARD = "gnu++20";
				CLANG_ENABLE_MODULES = YES;
				CLANG_ENABLE_OBJC_ARC = YES;
				CLANG_ENABLE_OBJC_WEAK = YES;
				CLANG_WARN_BLOCK_CAPTURE_AUTORELEASING = YES;
				CLANG_WARN_BOOL_CONVERSION = YES;
				CLANG_WARN_COMMA = YES;
				CLANG_WARN_CONSTANT_CONVERSION = YES;
				CLANG_WARN_DEPRECATED_OBJC_IMPLEMENTATIONS = YES;
				CLANG_WARN_DIRECT_OBJC_ISA_USAGE = YES_ERROR;
				CLANG_WARN_DOCUMENTATION_COMMENTS = YES;
				CLANG_WARN_EMPTY_BODY = YES;
				CLANG_WARN_ENUM_CONVERSION = YES;
				CLANG_WARN_INFINITE_RECURSION = YES;
				CLANG_WARN_INT_CONVERSION = YES;
				CLANG_WARN_NON_LITERAL_NULL_CONVERSION = YES;
				CLANG_WARN_OBJC_IMPLICIT_RETAIN_SELF = YES;
				CLANG_WARN_OBJC_LITERAL_CONVERSION = YES;
				CLANG_WARN_OBJC_ROOT_CLASS = YES_ERROR;
				CLANG_WARN_QUOTED_INCLUDE_IN_FRAMEWORK_HEADER = YES;
				CLANG_WARN_RANGE_LOOP_ANALYSIS = YES;
				CLANG_WARN_STRICT_PROTOTYPES = YES;
				CLANG_WARN_SUSPICIOUS_MOVE = YES;
				CLANG_WARN_UNGUARDED_AVAILABILITY = YES_AGGRESSIVE;
				CLANG_WARN_UNREACHABLE_CODE = YES;
				CLANG_WARN__DUPLICATE_METHOD_MATCH = YES;
				COPY_PHASE_STRIP = NO;
				DEBUG_INFORMATION_FORMAT = "dwarf-with-dsym";
				ENABLE_NS_ASSERTIONS = NO;
				ENABLE_STRICT_OBJC_MSGSEND = YES;
				GCC_C_LANGUAGE_STANDARD = gnu11;
				GCC_NO_COMMON_BLOCKS = YES;
				GCC_WARN_64_TO_32_BIT_CONVERSION = YES;
				GCC_WARN_ABOUT_RETURN_TYPE = YES_ERROR;
				GCC_WARN_UNDECLARED_SELECTOR = YES;
				GCC_WARN_UNINITIALIZED_AUTOS = YES_AGGRESSIVE;
				GCC_WARN_UNUSED_FUNCTION = YES;
				GCC_WARN_UNUSED_VARIABLE = YES;
				MACOSX_DEPLOYMENT_TARGET = 12.5;
				MTL_ENABLE_DEBUG_INFO = NO;
				MTL_FAST_MATH = YES;
				SDKROOT = macosx;
				SWIFT_COMPILATION_MODE = wholemodule;
				SWIFT_OPTIMIZATION_LEVEL = "-O";
			};
			name = Release;
		};
		55CCC7CF2933EF0A00BC4C35 /* Debug */ = {
			isa = XCBuildConfiguration;
			buildSettings = {
				ASSETCATALOG_COMPILER_APPICON_NAME = AppIcon;
				ASSETCATALOG_COMPILER_GLOBAL_ACCENT_COLOR_NAME = AccentColor;
				CODE_SIGN_ENTITLEMENTS = Lookup/Lookup.entitlements;
				CODE_SIGN_STYLE = Automatic;
				COMBINE_HIDPI_IMAGES = YES;
				CURRENT_PROJECT_VERSION = 1;
				DEVELOPMENT_ASSET_PATHS = "\"Lookup/Preview Content\"";
				DEVELOPMENT_TEAM = A983637AY3;
				ENABLE_HARDENED_RUNTIME = YES;
				ENABLE_PREVIEWS = YES;
				GENERATE_INFOPLIST_FILE = YES;
				INFOPLIST_KEY_NSHumanReadableCopyright = "";
				LD_RUNPATH_SEARCH_PATHS = (
					"$(inherited)",
					"@executable_path/../Frameworks",
				);
				MACOSX_DEPLOYMENT_TARGET = 13.0;
				MARKETING_VERSION = 1.0;
				PRODUCT_BUNDLE_IDENTIFIER = com.adrianbolinger.Lookup;
				PRODUCT_NAME = "$(TARGET_NAME)";
				SWIFT_EMIT_LOC_STRINGS = YES;
				SWIFT_VERSION = 5.0;
			};
			name = Debug;
		};
		55CCC7D02933EF0A00BC4C35 /* Release */ = {
			isa = XCBuildConfiguration;
			buildSettings = {
				ASSETCATALOG_COMPILER_APPICON_NAME = AppIcon;
				ASSETCATALOG_COMPILER_GLOBAL_ACCENT_COLOR_NAME = AccentColor;
				CODE_SIGN_ENTITLEMENTS = Lookup/Lookup.entitlements;
				CODE_SIGN_STYLE = Automatic;
				COMBINE_HIDPI_IMAGES = YES;
				CURRENT_PROJECT_VERSION = 1;
				DEVELOPMENT_ASSET_PATHS = "\"Lookup/Preview Content\"";
				DEVELOPMENT_TEAM = A983637AY3;
				ENABLE_HARDENED_RUNTIME = YES;
				ENABLE_PREVIEWS = YES;
				GENERATE_INFOPLIST_FILE = YES;
				INFOPLIST_KEY_NSHumanReadableCopyright = "";
				LD_RUNPATH_SEARCH_PATHS = (
					"$(inherited)",
					"@executable_path/../Frameworks",
				);
				MACOSX_DEPLOYMENT_TARGET = 13.0;
				MARKETING_VERSION = 1.0;
				PRODUCT_BUNDLE_IDENTIFIER = com.adrianbolinger.Lookup;
				PRODUCT_NAME = "$(TARGET_NAME)";
				SWIFT_EMIT_LOC_STRINGS = YES;
				SWIFT_VERSION = 5.0;
			};
			name = Release;
		};
		55CCC7D22933EF0A00BC4C35 /* Debug */ = {
			isa = XCBuildConfiguration;
			buildSettings = {
				ALWAYS_EMBED_SWIFT_STANDARD_LIBRARIES = YES;
				BUNDLE_LOADER = "$(TEST_HOST)";
				CODE_SIGN_STYLE = Automatic;
				CURRENT_PROJECT_VERSION = 1;
				DEVELOPMENT_TEAM = A983637AY3;
				GENERATE_INFOPLIST_FILE = YES;
				MACOSX_DEPLOYMENT_TARGET = 13.0;
				MARKETING_VERSION = 1.0;
				PRODUCT_BUNDLE_IDENTIFIER = com.adrianbolinger.LookupTests;
				PRODUCT_NAME = "$(TARGET_NAME)";
				SWIFT_EMIT_LOC_STRINGS = NO;
				SWIFT_VERSION = 5.0;
				TEST_HOST = "$(BUILT_PRODUCTS_DIR)/Lookup.app/$(BUNDLE_EXECUTABLE_FOLDER_PATH)/Lookup";
			};
			name = Debug;
		};
		55CCC7D32933EF0A00BC4C35 /* Release */ = {
			isa = XCBuildConfiguration;
			buildSettings = {
				ALWAYS_EMBED_SWIFT_STANDARD_LIBRARIES = YES;
				BUNDLE_LOADER = "$(TEST_HOST)";
				CODE_SIGN_STYLE = Automatic;
				CURRENT_PROJECT_VERSION = 1;
				DEVELOPMENT_TEAM = A983637AY3;
				GENERATE_INFOPLIST_FILE = YES;
				MACOSX_DEPLOYMENT_TARGET = 13.0;
				MARKETING_VERSION = 1.0;
				PRODUCT_BUNDLE_IDENTIFIER = com.adrianbolinger.LookupTests;
				PRODUCT_NAME = "$(TARGET_NAME)";
				SWIFT_EMIT_LOC_STRINGS = NO;
				SWIFT_VERSION = 5.0;
				TEST_HOST = "$(BUILT_PRODUCTS_DIR)/Lookup.app/$(BUNDLE_EXECUTABLE_FOLDER_PATH)/Lookup";
			};
			name = Release;
		};
		55CCC7D52933EF0A00BC4C35 /* Debug */ = {
			isa = XCBuildConfiguration;
			buildSettings = {
				ALWAYS_EMBED_SWIFT_STANDARD_LIBRARIES = YES;
				CODE_SIGN_STYLE = Automatic;
				CURRENT_PROJECT_VERSION = 1;
				DEVELOPMENT_TEAM = A983637AY3;
				GENERATE_INFOPLIST_FILE = YES;
				MACOSX_DEPLOYMENT_TARGET = 13.0;
				MARKETING_VERSION = 1.0;
				PRODUCT_BUNDLE_IDENTIFIER = com.adrianbolinger.LookupUITests;
				PRODUCT_NAME = "$(TARGET_NAME)";
				SWIFT_EMIT_LOC_STRINGS = NO;
				SWIFT_VERSION = 5.0;
				TEST_TARGET_NAME = Lookup;
			};
			name = Debug;
		};
		55CCC7D62933EF0A00BC4C35 /* Release */ = {
			isa = XCBuildConfiguration;
			buildSettings = {
				ALWAYS_EMBED_SWIFT_STANDARD_LIBRARIES = YES;
				CODE_SIGN_STYLE = Automatic;
				CURRENT_PROJECT_VERSION = 1;
				DEVELOPMENT_TEAM = A983637AY3;
				GENERATE_INFOPLIST_FILE = YES;
				MACOSX_DEPLOYMENT_TARGET = 13.0;
				MARKETING_VERSION = 1.0;
				PRODUCT_BUNDLE_IDENTIFIER = com.adrianbolinger.LookupUITests;
				PRODUCT_NAME = "$(TARGET_NAME)";
				SWIFT_EMIT_LOC_STRINGS = NO;
				SWIFT_VERSION = 5.0;
				TEST_TARGET_NAME = Lookup;
			};
			name = Release;
		};
/* End XCBuildConfiguration section */

/* Begin XCConfigurationList section */
		55CCC7A42933EF0800BC4C35 /* Build configuration list for PBXProject "Lookup" */ = {
			isa = XCConfigurationList;
			buildConfigurations = (
				55CCC7CC2933EF0A00BC4C35 /* Debug */,
				55CCC7CD2933EF0A00BC4C35 /* Release */,
			);
			defaultConfigurationIsVisible = 0;
			defaultConfigurationName = Release;
		};
		55CCC7CE2933EF0A00BC4C35 /* Build configuration list for PBXNativeTarget "Lookup" */ = {
			isa = XCConfigurationList;
			buildConfigurations = (
				55CCC7CF2933EF0A00BC4C35 /* Debug */,
				55CCC7D02933EF0A00BC4C35 /* Release */,
			);
			defaultConfigurationIsVisible = 0;
			defaultConfigurationName = Release;
		};
		55CCC7D12933EF0A00BC4C35 /* Build configuration list for PBXNativeTarget "LookupTests" */ = {
			isa = XCConfigurationList;
			buildConfigurations = (
				55CCC7D22933EF0A00BC4C35 /* Debug */,
				55CCC7D32933EF0A00BC4C35 /* Release */,
			);
			defaultConfigurationIsVisible = 0;
			defaultConfigurationName = Release;
		};
		55CCC7D42933EF0A00BC4C35 /* Build configuration list for PBXNativeTarget "LookupUITests" */ = {
			isa = XCConfigurationList;
			buildConfigurations = (
				55CCC7D52933EF0A00BC4C35 /* Debug */,
				55CCC7D62933EF0A00BC4C35 /* Release */,
			);
			defaultConfigurationIsVisible = 0;
			defaultConfigurationName = Release;
		};
/* End XCConfigurationList section */
	};
	rootObject = 55CCC7A12933EF0800BC4C35 /* Project object */;
}
